
Microsoft Visual Studio Solution File, Format Version 12.00
# Visual Studio 15
VisualStudioVersion = 15.0.28307.136
MinimumVisualStudioVersion = 10.0.40219.1
Project("{A07B5EB6-E848-4116-A8D0-A826331D98C6}") = "Fabrikam.PackageApp", "Fabrikam.PackageApp\Fabrikam.PackageApp.sfproj", "{5818C366-A621-4693-910E-5190AD6BE04C}"
EndProject
Project("{9A19103F-16F7-4668-BE54-9A1E7A4F7556}") = "PackageService", "PackageService\PackageService.csproj", "{536C7B85-5050-444C-987B-87AAA9350D6E}"
EndProject
Project("{9A19103F-16F7-4668-BE54-9A1E7A4F7556}") = "PackageService.Tests", "PackageService.Tests\PackageService.Tests.csproj", "{DDDE5B93-7A28-40A8-A730-8E8C797FD6A7}"
EndProject
Global
	GlobalSection(SolutionConfigurationPlatforms) = preSolution
		Debug|Any CPU = Debug|Any CPU
		Debug|x64 = Debug|x64
		Release|Any CPU = Release|Any CPU
		Release|x64 = Release|x64
	EndGlobalSection
	GlobalSection(ProjectConfigurationPlatforms) = postSolution
		{5818C366-A621-4693-910E-5190AD6BE04C}.Debug|Any CPU.ActiveCfg = Debug|x64
		{5818C366-A621-4693-910E-5190AD6BE04C}.Debug|x64.ActiveCfg = Debug|x64
		{5818C366-A621-4693-910E-5190AD6BE04C}.Debug|x64.Build.0 = Debug|x64
		{5818C366-A621-4693-910E-5190AD6BE04C}.Debug|x64.Deploy.0 = Debug|x64
		{5818C366-A621-4693-910E-5190AD6BE04C}.Release|Any CPU.ActiveCfg = Release|x64
		{5818C366-A621-4693-910E-5190AD6BE04C}.Release|x64.ActiveCfg = Release|x64
		{5818C366-A621-4693-910E-5190AD6BE04C}.Release|x64.Build.0 = Release|x64
		{5818C366-A621-4693-910E-5190AD6BE04C}.Release|x64.Deploy.0 = Release|x64
		{536C7B85-5050-444C-987B-87AAA9350D6E}.Debug|Any CPU.ActiveCfg = Debug|Any CPU
		{536C7B85-5050-444C-987B-87AAA9350D6E}.Debug|Any CPU.Build.0 = Debug|Any CPU
		{536C7B85-5050-444C-987B-87AAA9350D6E}.Debug|x64.ActiveCfg = Debug|Any CPU
		{536C7B85-5050-444C-987B-87AAA9350D6E}.Debug|x64.Build.0 = Debug|Any CPU
		{536C7B85-5050-444C-987B-87AAA9350D6E}.Release|Any CPU.ActiveCfg = Release|Any CPU
		{536C7B85-5050-444C-987B-87AAA9350D6E}.Release|Any CPU.Build.0 = Release|Any CPU
		{536C7B85-5050-444C-987B-87AAA9350D6E}.Release|x64.ActiveCfg = Release|Any CPU
		{536C7B85-5050-444C-987B-87AAA9350D6E}.Release|x64.Build.0 = Release|Any CPU
		{DDDE5B93-7A28-40A8-A730-8E8C797FD6A7}.Debug|Any CPU.ActiveCfg = Debug|Any CPU
		{DDDE5B93-7A28-40A8-A730-8E8C797FD6A7}.Debug|Any CPU.Build.0 = Debug|Any CPU
		{DDDE5B93-7A28-40A8-A730-8E8C797FD6A7}.Debug|x64.ActiveCfg = Debug|Any CPU
		{DDDE5B93-7A28-40A8-A730-8E8C797FD6A7}.Debug|x64.Build.0 = Debug|Any CPU
		{DDDE5B93-7A28-40A8-A730-8E8C797FD6A7}.Release|Any CPU.ActiveCfg = Release|Any CPU
		{DDDE5B93-7A28-40A8-A730-8E8C797FD6A7}.Release|Any CPU.Build.0 = Release|Any CPU
		{DDDE5B93-7A28-40A8-A730-8E8C797FD6A7}.Release|x64.ActiveCfg = Release|Any CPU
		{DDDE5B93-7A28-40A8-A730-8E8C797FD6A7}.Release|x64.Build.0 = Release|Any CPU
	EndGlobalSection
	GlobalSection(SolutionProperties) = preSolution
		HideSolutionNode = FALSE
	EndGlobalSection
	GlobalSection(ExtensibilityGlobals) = postSolution
		SolutionGuid = {43389075-28E8-44D8-AA29-0C4A8E867E79}
	EndGlobalSection
EndGlobal
