
Microsoft Visual Studio Solution File, Format Version 12.00
# Visual Studio 15
VisualStudioVersion = 15.0.28307.168
MinimumVisualStudioVersion = 10.0.40219.1
Project("{A07B5EB6-E848-4116-A8D0-A826331D98C6}") = "DroneDelivery", "DroneDelivery\DroneDelivery.sfproj", "{3CFBC31F-545E-4752-B610-C48B6D4E738C}"
EndProject
Project("{FAE04EC0-301F-11D3-BF4B-00C04F79EFBC}") = "DeliveryService", "DeliveryService\DeliveryService.csproj", "{017332BF-6F66-4881-B649-DCF798877502}"
EndProject
Project("{FAE04EC0-301F-11D3-BF4B-00C04F79EFBC}") = "DroneDelivery.Common", "DroneDelivery.Common\DroneDelivery.Common.csproj", "{ED19BB19-FE8C-4516-9181-20C4EFE795B1}"
EndProject
Project("{FAE04EC0-301F-11D3-BF4B-00C04F79EFBC}") = "DeliveryService.Tests", "DeliveryService.Tests\DeliveryService.Tests.csproj", "{859CC30C-9DA6-4093-9443-24D624F394C9}"
EndProject
Global
	GlobalSection(SolutionConfigurationPlatforms) = preSolution
		Debug|Any CPU = Debug|Any CPU
		Debug|x64 = Debug|x64
		Release|Any CPU = Release|Any CPU
		Release|x64 = Release|x64
	EndGlobalSection
	GlobalSection(ProjectConfigurationPlatforms) = postSolution
		{3CFBC31F-545E-4752-B610-C48B6D4E738C}.Debug|Any CPU.ActiveCfg = Debug|x64
		{3CFBC31F-545E-4752-B610-C48B6D4E738C}.Debug|x64.ActiveCfg = Debug|x64
		{3CFBC31F-545E-4752-B610-C48B6D4E738C}.Debug|x64.Build.0 = Debug|x64
		{3CFBC31F-545E-4752-B610-C48B6D4E738C}.Debug|x64.Deploy.0 = Debug|x64
		{3CFBC31F-545E-4752-B610-C48B6D4E738C}.Release|Any CPU.ActiveCfg = Release|x64
		{3CFBC31F-545E-4752-B610-C48B6D4E738C}.Release|x64.ActiveCfg = Release|x64
		{3CFBC31F-545E-4752-B610-C48B6D4E738C}.Release|x64.Build.0 = Release|x64
		{3CFBC31F-545E-4752-B610-C48B6D4E738C}.Release|x64.Deploy.0 = Release|x64
		{017332BF-6F66-4881-B649-DCF798877502}.Debug|Any CPU.ActiveCfg = Debug|Any CPU
		{017332BF-6F66-4881-B649-DCF798877502}.Debug|Any CPU.Build.0 = Debug|Any CPU
		{017332BF-6F66-4881-B649-DCF798877502}.Debug|x64.ActiveCfg = Debug|Any CPU
		{017332BF-6F66-4881-B649-DCF798877502}.Debug|x64.Build.0 = Debug|Any CPU
		{017332BF-6F66-4881-B649-DCF798877502}.Release|Any CPU.ActiveCfg = Release|Any CPU
		{017332BF-6F66-4881-B649-DCF798877502}.Release|Any CPU.Build.0 = Release|Any CPU
		{017332BF-6F66-4881-B649-DCF798877502}.Release|x64.ActiveCfg = Release|Any CPU
		{017332BF-6F66-4881-B649-DCF798877502}.Release|x64.Build.0 = Release|Any CPU
		{ED19BB19-FE8C-4516-9181-20C4EFE795B1}.Debug|Any CPU.ActiveCfg = Debug|Any CPU
		{ED19BB19-FE8C-4516-9181-20C4EFE795B1}.Debug|Any CPU.Build.0 = Debug|Any CPU
		{ED19BB19-FE8C-4516-9181-20C4EFE795B1}.Debug|x64.ActiveCfg = Debug|Any CPU
		{ED19BB19-FE8C-4516-9181-20C4EFE795B1}.Debug|x64.Build.0 = Debug|Any CPU
		{ED19BB19-FE8C-4516-9181-20C4EFE795B1}.Release|Any CPU.ActiveCfg = Release|Any CPU
		{ED19BB19-FE8C-4516-9181-20C4EFE795B1}.Release|Any CPU.Build.0 = Release|Any CPU
		{ED19BB19-FE8C-4516-9181-20C4EFE795B1}.Release|x64.ActiveCfg = Release|Any CPU
		{ED19BB19-FE8C-4516-9181-20C4EFE795B1}.Release|x64.Build.0 = Release|Any CPU
		{859CC30C-9DA6-4093-9443-24D624F394C9}.Debug|Any CPU.ActiveCfg = Debug|Any CPU
		{859CC30C-9DA6-4093-9443-24D624F394C9}.Debug|Any CPU.Build.0 = Debug|Any CPU
		{859CC30C-9DA6-4093-9443-24D624F394C9}.Debug|x64.ActiveCfg = Debug|Any CPU
		{859CC30C-9DA6-4093-9443-24D624F394C9}.Debug|x64.Build.0 = Debug|Any CPU
		{859CC30C-9DA6-4093-9443-24D624F394C9}.Release|Any CPU.ActiveCfg = Release|Any CPU
		{859CC30C-9DA6-4093-9443-24D624F394C9}.Release|Any CPU.Build.0 = Release|Any CPU
		{859CC30C-9DA6-4093-9443-24D624F394C9}.Release|x64.ActiveCfg = Release|Any CPU
		{859CC30C-9DA6-4093-9443-24D624F394C9}.Release|x64.Build.0 = Release|Any CPU
	EndGlobalSection
	GlobalSection(SolutionProperties) = preSolution
		HideSolutionNode = FALSE
	EndGlobalSection
	GlobalSection(ExtensibilityGlobals) = postSolution
		SolutionGuid = {30321F59-5D3E-4AE4-B988-2BA7BF255810}
	EndGlobalSection
EndGlobal
